
Microsoft Visual Studio Solution File, Format Version 12.00
# Visual Studio 15
VisualStudioVersion = 15.0.28307.960
MinimumVisualStudioVersion = 10.0.40219.1
Project("{FAE04EC0-301F-11D3-BF4B-00C04F79EFBC}") = "PaymentsRulesEngine", "PaymentsRulesEngine\PaymentsRulesEngine.csproj", "{8D7CA606-F908-4B3B-88CE-0F5D4B875607}"
EndProject
Global
	GlobalSection(SolutionConfigurationPlatforms) = preSolution
		Debug|Any CPU = Debug|Any CPU
		Release|Any CPU = Release|Any CPU
	EndGlobalSection
	GlobalSection(ProjectConfigurationPlatforms) = postSolution
		{8D7CA606-F908-4B3B-88CE-0F5D4B875607}.Debug|Any CPU.ActiveCfg = Debug|Any CPU
		{8D7CA606-F908-4B3B-88CE-0F5D4B875607}.Debug|Any CPU.Build.0 = Debug|Any CPU
		{8D7CA606-F908-4B3B-88CE-0F5D4B875607}.Release|Any CPU.ActiveCfg = Release|Any CPU
		{8D7CA606-F908-4B3B-88CE-0F5D4B875607}.Release|Any CPU.Build.0 = Release|Any CPU
	EndGlobalSection
	GlobalSection(SolutionProperties) = preSolution
		HideSolutionNode = FALSE
	EndGlobalSection
	GlobalSection(ExtensibilityGlobals) = postSolution
		SolutionGuid = {75040641-E053-4CD3-B8C2-29F9FA776058}
	EndGlobalSection
EndGlobal
